# This file is autogenerated, do not edit; changes may be undone by the next 'dep ensure'.


[[projects]]
  name = "github.com/go-chi/chi"
  packages = [".","middleware"]
  revision = "25354a53cca531cb2efd3f1d3c565d90ff04d802"
  version = "v3.1.5"

[[projects]]
  name = "github.com/go-chi/cors"
  packages = ["."]
  revision = "dba6525398619dead495962a916728e7ee2ca322"
  version = "v1.0.0"

[[projects]]
  branch = "master"
  name = "github.com/jbenet/go-context"
  packages = ["io"]
  revision = "d14ea06fba99483203c19d92cfcd13ebe73135f4"

[[projects]]
  branch = "master"
  name = "github.com/sergi/go-diff"
  packages = ["diffmatchpatch"]
  revision = "feef008d51ad2b3778f85d387ccf91735543008d"

[[projects]]
  name = "github.com/src-d/gcfg"
  packages = [".","scanner","token","types"]
  revision = "f187355171c936ac84a82793659ebb4936bc1c23"
  version = "v1.3.0"

[[projects]]
  branch = "master"
  name = "github.com/xanzy/ssh-agent"
  packages = ["."]
  revision = "ba9c9e33906f58169366275e3450db66139a31a9"

[[projects]]
  branch = "master"
  name = "golang.org/x/crypto"
  packages = ["curve25519","ed25519","ed25519/internal/edwards25519","ssh","ssh/agent","ssh/knownhosts"]
  revision = "eb71ad9bd329b5ac0fd0148dd99bd62e8be8e035"

[[projects]]
  branch = "master"
  name = "golang.org/x/net"
  packages = ["context"]
  revision = "1c05540f6879653db88113bc4a2b70aec4bd491f"

[[projects]]
  name = "gopkg.in/src-d/go-billy.v3"
  packages = [".","helper/chroot","helper/polyfill","osfs","util"]
  revision = "c329b7bc7b9d24905d2bc1b85bfa29f7ae266314"
  version = "v3.1.0"

[[projects]]
  name = "gopkg.in/src-d/go-git.v4"
  packages = [".","config","internal/revision","plumbing","plumbing/cache","plumbing/filemode","plumbing/format/config","plumbing/format/diff","plumbing/format/gitignore","plumbing/format/idxfile","plumbing/format/index","plumbing/format/objfile","plumbing/format/packfile","plumbing/format/pktline","plumbing/object","plumbing/protocol/packp","plumbing/protocol/packp/capability","plumbing/protocol/packp/sideband","plumbing/revlist","plumbing/storer","plumbing/transport","plumbing/transport/client","plumbing/transport/file","plumbing/transport/git","plumbing/transport/http","plumbing/transport/internal/common","plumbing/transport/server","plumbing/transport/ssh","storage","storage/filesystem","storage/filesystem/internal/dotgit","storage/memory","utils/binary","utils/diff","utils/ioutil","utils/merkletrie","utils/merkletrie/filesystem","utils/merkletrie/index","utils/merkletrie/internal/frame","utils/merkletrie/noder"]
  revision = "8ddbecf782c2e340fd85bb4ba4d00dc73d749f87"
  version = "v4.0.0-rc13"

[[projects]]
  name = "gopkg.in/warnings.v0"
  packages = ["."]
  revision = "8a331561fe74dadba6edfc59f3be66c22c3b065d"
  version = "v0.1.1"

[solve-meta]
  analyzer-name = "dep"
  analyzer-version = 1
  inputs-digest = "91fe2021b8f39ccdd8dc0201907621491e970df0fbbfadb484f60aee0a5e2c6c"
  solver-name = "gps-cdcl"
  solver-version = 1
